// !$*UTF8*$!
{
	archiveVersion = 1;
	classes = {
	};
	objectVersion = 50;
	objects = {

/* Begin PBXBuildFile section */
		A41298C7267879BA00E65982 /* AppDelegate.swift in Sources */ = {isa = PBXBuildFile; fileRef = A41298C6267879BA00E65982 /* AppDelegate.swift */; };
		A41298C9267879BA00E65982 /* SceneDelegate.swift in Sources */ = {isa = PBXBuildFile; fileRef = A41298C8267879BA00E65982 /* SceneDelegate.swift */; };
		A41298CB267879BA00E65982 /* ViewController.swift in Sources */ = {isa = PBXBuildFile; fileRef = A41298CA267879BA00E65982 /* ViewController.swift */; };
		A41298CE267879BA00E65982 /* Main.storyboard in Resources */ = {isa = PBXBuildFile; fileRef = A41298CC267879BA00E65982 /* Main.storyboard */; };
		A41298D0267879BC00E65982 /* Assets.xcassets in Resources */ = {isa = PBXBuildFile; fileRef = A41298CF267879BC00E65982 /* Assets.xcassets */; };
		A41298D3267879BC00E65982 /* LaunchScreen.storyboard in Resources */ = {isa = PBXBuildFile; fileRef = A41298D1267879BC00E65982 /* LaunchScreen.storyboard */; };
		A41298DE267879BD00E65982 /* TextviewTests.swift in Sources */ = {isa = PBXBuildFile; fileRef = A41298DD267879BD00E65982 /* TextviewTests.swift */; };
		A41298E9267879BD00E65982 /* TextviewUITests.swift in Sources */ = {isa = PBXBuildFile; fileRef = A41298E8267879BD00E65982 /* TextviewUITests.swift */; };
/* End PBXBuildFile section */

/* Begin PBXContainerItemProxy section */
		A41298DA267879BD00E65982 /* PBXContainerItemProxy */ = {
			isa = PBXContainerItemProxy;
			containerPortal = A41298BB267879BA00E65982 /* Project object */;
			proxyType = 1;
			remoteGlobalIDString = A41298C2267879BA00E65982;
			remoteInfo = Textview;
		};
		A41298E5267879BD00E65982 /* PBXContainerItemProxy */ = {
			isa = PBXContainerItemProxy;
			containerPortal = A41298BB267879BA00E65982 /* Project object */;
			proxyType = 1;
			remoteGlobalIDString = A41298C2267879BA00E65982;
			remoteInfo = Textview;
		};
/* End PBXContainerItemProxy section */

/* Begin PBXFileReference section */
		A41298C3267879BA00E65982 /* Textview.app */ = {isa = PBXFileReference; explicitFileType = wrapper.application; includeInIndex = 0; path = Textview.app; sourceTree = BUILT_PRODUCTS_DIR; };
		A41298C6267879BA00E65982 /* AppDelegate.swift */ = {isa = PBXFileReference; lastKnownFileType = sourcecode.swift; path = AppDelegate.swift; sourceTree = "<group>"; };
		A41298C8267879BA00E65982 /* SceneDelegate.swift */ = {isa = PBXFileReference; lastKnownFileType = sourcecode.swift; path = SceneDelegate.swift; sourceTree = "<group>"; };
		A41298CA267879BA00E65982 /* ViewController.swift */ = {isa = PBXFileReference; lastKnownFileType = sourcecode.swift; path = ViewController.swift; sourceTree = "<group>"; };
		A41298CD267879BA00E65982 /* Base */ = {isa = PBXFileReference; lastKnownFileType = file.storyboard; name = Base; path = Base.lproj/Main.storyboard; sourceTree = "<group>"; };
		A41298CF267879BC00E65982 /* Assets.xcassets */ = {isa = PBXFileReference; lastKnownFileType = folder.assetcatalog; path = Assets.xcassets; sourceTree = "<group>"; };
		A41298D2267879BC00E65982 /* Base */ = {isa = PBXFileReference; lastKnownFileType = file.storyboard; name = Base; path = Base.lproj/LaunchScreen.storyboard; sourceTree = "<group>"; };
		A41298D4267879BC00E65982 /* Info.plist */ = {isa = PBXFileReference; lastKnownFileType = text.plist.xml; path = Info.plist; sourceTree = "<group>"; };
		A41298D9267879BD00E65982 /* TextviewTests.xctest */ = {isa = PBXFileReference; explicitFileType = wrapper.cfbundle; includeInIndex = 0; path = TextviewTests.xctest; sourceTree = BUILT_PRODUCTS_DIR; };
		A41298DD267879BD00E65982 /* TextviewTests.swift */ = {isa = PBXFileReference; lastKnownFileType = sourcecode.swift; path = TextviewTests.swift; sourceTree = "<group>"; };
		A41298DF267879BD00E65982 /* Info.plist */ = {isa = PBXFileReference; lastKnownFileType = text.plist.xml; path = Info.plist; sourceTree = "<group>"; };
		A41298E4267879BD00E65982 /* TextviewUITests.xctest */ = {isa = PBXFileReference; explicitFileType = wrapper.cfbundle; includeInIndex = 0; path = TextviewUITests.xctest; sourceTree = BUILT_PRODUCTS_DIR; };
		A41298E8267879BD00E65982 /* TextviewUITests.swift */ = {isa = PBXFileReference; lastKnownFileType = sourcecode.swift; path = TextviewUITests.swift; sourceTree = "<group>"; };
		A41298EA267879BD00E65982 /* Info.plist */ = {isa = PBXFileReference; lastKnownFileType = text.plist.xml; path = Info.plist; sourceTree = "<group>"; };
/* End PBXFileReference section */

/* Begin PBXFrameworksBuildPhase section */
		A41298C0267879BA00E65982 /* Frameworks */ = {
			isa = PBXFrameworksBuildPhase;
			buildActionMask = 2147483647;
			files = (
			);
			runOnlyForDeploymentPostprocessing = 0;
		};
		A41298D6267879BD00E65982 /* Frameworks */ = {
			isa = PBXFrameworksBuildPhase;
			buildActionMask = 2147483647;
			files = (
			);
			runOnlyForDeploymentPostprocessing = 0;
		};
		A41298E1267879BD00E65982 /* Frameworks */ = {
			isa = PBXFrameworksBuildPhase;
			buildActionMask = 2147483647;
			files = (
			);
			runOnlyForDeploymentPostprocessing = 0;
		};
/* End PBXFrameworksBuildPhase section */

/* Begin PBXGroup section */
		A41298BA267879BA00E65982 = {
			isa = PBXGroup;
			children = (
				A41298C5267879BA00E65982 /* Textview */,
				A41298DC267879BD00E65982 /* TextviewTests */,
				A41298E7267879BD00E65982 /* TextviewUITests */,
				A41298C4267879BA00E65982 /* Products */,
			);
			sourceTree = "<group>";
		};
		A41298C4267879BA00E65982 /* Products */ = {
			isa = PBXGroup;
			children = (
				A41298C3267879BA00E65982 /* Textview.app */,
				A41298D9267879BD00E65982 /* TextviewTests.xctest */,
				A41298E4267879BD00E65982 /* TextviewUITests.xctest */,
			);
			name = Products;
			sourceTree = "<group>";
		};
		A41298C5267879BA00E65982 /* Textview */ = {
			isa = PBXGroup;
			children = (
				A41298C6267879BA00E65982 /* AppDelegate.swift */,
				A41298C8267879BA00E65982 /* SceneDelegate.swift */,
				A41298CA267879BA00E65982 /* ViewController.swift */,
				A41298CC267879BA00E65982 /* Main.storyboard */,
				A41298CF267879BC00E65982 /* Assets.xcassets */,
				A41298D1267879BC00E65982 /* LaunchScreen.storyboard */,
				A41298D4267879BC00E65982 /* Info.plist */,
			);
			path = Textview;
			sourceTree = "<group>";
		};
		A41298DC267879BD00E65982 /* TextviewTests */ = {
			isa = PBXGroup;
			children = (
				A41298DD267879BD00E65982 /* TextviewTests.swift */,
				A41298DF267879BD00E65982 /* Info.plist */,
			);
			path = TextviewTests;
			sourceTree = "<group>";
		};
		A41298E7267879BD00E65982 /* TextviewUITests */ = {
			isa = PBXGroup;
			children = (
				A41298E8267879BD00E65982 /* TextviewUITests.swift */,
				A41298EA267879BD00E65982 /* Info.plist */,
			);
			path = TextviewUITests;
			sourceTree = "<group>";
		};
/* End PBXGroup section */

/* Begin PBXNativeTarget section */
		A41298C2267879BA00E65982 /* Textview */ = {
			isa = PBXNativeTarget;
			buildConfigurationList = A41298ED267879BD00E65982 /* Build configuration list for PBXNativeTarget "Textview" */;
			buildPhases = (
				A41298BF267879BA00E65982 /* Sources */,
				A41298C0267879BA00E65982 /* Frameworks */,
				A41298C1267879BA00E65982 /* Resources */,
			);
			buildRules = (
			);
			dependencies = (
			);
			name = Textview;
			productName = Textview;
			productReference = A41298C3267879BA00E65982 /* Textview.app */;
			productType = "com.apple.product-type.application";
		};
		A41298D8267879BD00E65982 /* TextviewTests */ = {
			isa = PBXNativeTarget;
			buildConfigurationList = A41298F0267879BD00E65982 /* Build configuration list for PBXNativeTarget "TextviewTests" */;
			buildPhases = (
				A41298D5267879BD00E65982 /* Sources */,
				A41298D6267879BD00E65982 /* Frameworks */,
				A41298D7267879BD00E65982 /* Resources */,
			);
			buildRules = (
			);
			dependencies = (
				A41298DB267879BD00E65982 /* PBXTargetDependency */,
			);
			name = TextviewTests;
			productName = TextviewTests;
			productReference = A41298D9267879BD00E65982 /* TextviewTests.xctest */;
			productType = "com.apple.product-type.bundle.unit-test";
		};
		A41298E3267879BD00E65982 /* TextviewUITests */ = {
			isa = PBXNativeTarget;
			buildConfigurationList = A41298F3267879BD00E65982 /* Build configuration list for PBXNativeTarget "TextviewUITests" */;
			buildPhases = (
				A41298E0267879BD00E65982 /* Sources */,
				A41298E1267879BD00E65982 /* Frameworks */,
				A41298E2267879BD00E65982 /* Resources */,
			);
			buildRules = (
			);
			dependencies = (
				A41298E6267879BD00E65982 /* PBXTargetDependency */,
			);
			name = TextviewUITests;
			productName = TextviewUITests;
			productReference = A41298E4267879BD00E65982 /* TextviewUITests.xctest */;
			productType = "com.apple.product-type.bundle.ui-testing";
		};
/* End PBXNativeTarget section */

/* Begin PBXProject section */
		A41298BB267879BA00E65982 /* Project object */ = {
			isa = PBXProject;
			attributes = {
				LastSwiftUpdateCheck = 1240;
				LastUpgradeCheck = 1240;
				TargetAttributes = {
					A41298C2267879BA00E65982 = {
						CreatedOnToolsVersion = 12.4;
					};
					A41298D8267879BD00E65982 = {
						CreatedOnToolsVersion = 12.4;
						TestTargetID = A41298C2267879BA00E65982;
					};
					A41298E3267879BD00E65982 = {
						CreatedOnToolsVersion = 12.4;
						TestTargetID = A41298C2267879BA00E65982;
					};
				};
			};
			buildConfigurationList = A41298BE267879BA00E65982 /* Build configuration list for PBXProject "Textview" */;
			compatibilityVersion = "Xcode 9.3";
			developmentRegion = en;
			hasScannedForEncodings = 0;
			knownRegions = (
				en,
				Base,
			);
			mainGroup = A41298BA267879BA00E65982;
			productRefGroup = A41298C4267879BA00E65982 /* Products */;
			projectDirPath = "";
			projectRoot = "";
			targets = (
				A41298C2267879BA00E65982 /* Textview */,
				A41298D8267879BD00E65982 /* TextviewTests */,
				A41298E3267879BD00E65982 /* TextviewUITests */,
			);
		};
/* End PBXProject section */

/* Begin PBXResourcesBuildPhase section */
		A41298C1267879BA00E65982 /* Resources */ = {
			isa = PBXResourcesBuildPhase;
			buildActionMask = 2147483647;
			files = (
				A41298D3267879BC00E65982 /* LaunchScreen.storyboard in Resources */,
				A41298D0267879BC00E65982 /* Assets.xcassets in Resources */,
				A41298CE267879BA00E65982 /* Main.storyboard in Resources */,
			);
			runOnlyForDeploymentPostprocessing = 0;
		};
		A41298D7267879BD00E65982 /* Resources */ = {
			isa = PBXResourcesBuildPhase;
			buildActionMask = 2147483647;
			files = (
			);
			runOnlyForDeploymentPostprocessing = 0;
		};
		A41298E2267879BD00E65982 /* Resources */ = {
			isa = PBXResourcesBuildPhase;
			buildActionMask = 2147483647;
			files = (
			);
			runOnlyForDeploymentPostprocessing = 0;
		};
/* End PBXResourcesBuildPhase section */

/* Begin PBXSourcesBuildPhase section */
		A41298BF267879BA00E65982 /* Sources */ = {
			isa = PBXSourcesBuildPhase;
			buildActionMask = 2147483647;
			files = (
				A41298CB267879BA00E65982 /* ViewController.swift in Sources */,
				A41298C7267879BA00E65982 /* AppDelegate.swift in Sources */,
				A41298C9267879BA00E65982 /* SceneDelegate.swift in Sources */,
			);
			runOnlyForDeploymentPostprocessing = 0;
		};
		A41298D5267879BD00E65982 /* Sources */ = {
			isa = PBXSourcesBuildPhase;
			buildActionMask = 2147483647;
			files = (
				A41298DE267879BD00E65982 /* TextviewTests.swift in Sources */,
			);
			runOnlyForDeploymentPostprocessing = 0;
		};
		A41298E0267879BD00E65982 /* Sources */ = {
			isa = PBXSourcesBuildPhase;
			buildActionMask = 2147483647;
			files = (
				A41298E9267879BD00E65982 /* TextviewUITests.swift in Sources */,
			);
			runOnlyForDeploymentPostprocessing = 0;
		};
/* End PBXSourcesBuildPhase section */

/* Begin PBXTargetDependency section */
		A41298DB267879BD00E65982 /* PBXTargetDependency */ = {
			isa = PBXTargetDependency;
			target = A41298C2267879BA00E65982 /* Textview */;
			targetProxy = A41298DA267879BD00E65982 /* PBXContainerItemProxy */;
		};
		A41298E6267879BD00E65982 /* PBXTargetDependency */ = {
			isa = PBXTargetDependency;
			target = A41298C2267879BA00E65982 /* Textview */;
			targetProxy = A41298E5267879BD00E65982 /* PBXContainerItemProxy */;
		};
/* End PBXTargetDependency section */

/* Begin PBXVariantGroup section */
		A41298CC267879BA00E65982 /* Main.storyboard */ = {
			isa = PBXVariantGroup;
			children = (
				A41298CD267879BA00E65982 /* Base */,
			);
			name = Main.storyboard;
			sourceTree = "<group>";
		};
		A41298D1267879BC00E65982 /* LaunchScreen.storyboard */ = {
			isa = PBXVariantGroup;
			children = (
				A41298D2267879BC00E65982 /* Base */,
			);
			name = LaunchScreen.storyboard;
			sourceTree = "<group>";
		};
/* End PBXVariantGroup section */

/* Begin XCBuildConfiguration section */
		A41298EB267879BD00E65982 /* Debug */ = {
			isa = XCBuildConfiguration;
			buildSettings = {
				ALWAYS_SEARCH_USER_PATHS = NO;
				CLANG_ANALYZER_NONNULL = YES;
				CLANG_ANALYZER_NUMBER_OBJECT_CONVERSION = YES_AGGRESSIVE;
				CLANG_CXX_LANGUAGE_STANDARD = "gnu++14";
				CLANG_CXX_LIBRARY = "libc++";
				CLANG_ENABLE_MODULES = YES;
				CLANG_ENABLE_OBJC_ARC = YES;
				CLANG_ENABLE_OBJC_WEAK = YES;
				CLANG_WARN_BLOCK_CAPTURE_AUTORELEASING = YES;
				CLANG_WARN_BOOL_CONVERSION = YES;
				CLANG_WARN_COMMA = YES;
				CLANG_WARN_CONSTANT_CONVERSION = YES;
				CLANG_WARN_DEPRECATED_OBJC_IMPLEMENTATIONS = YES;
				CLANG_WARN_DIRECT_OBJC_ISA_USAGE = YES_ERROR;
				CLANG_WARN_DOCUMENTATION_COMMENTS = YES;
				CLANG_WARN_EMPTY_BODY = YES;
				CLANG_WARN_ENUM_CONVERSION = YES;
				CLANG_WARN_INFINITE_RECURSION = YES;
				CLANG_WARN_INT_CONVERSION = YES;
				CLANG_WARN_NON_LITERAL_NULL_CONVERSION = YES;
				CLANG_WARN_OBJC_IMPLICIT_RETAIN_SELF = YES;
				CLANG_WARN_OBJC_LITERAL_CONVERSION = YES;
				CLANG_WARN_OBJC_ROOT_CLASS = YES_ERROR;
				CLANG_WARN_QUOTED_INCLUDE_IN_FRAMEWORK_HEADER = YES;
				CLANG_WARN_RANGE_LOOP_ANALYSIS = YES;
				CLANG_WARN_STRICT_PROTOTYPES = YES;
				CLANG_WARN_SUSPICIOUS_MOVE = YES;
				CLANG_WARN_UNGUARDED_AVAILABILITY = YES_AGGRESSIVE;
				CLANG_WARN_UNREACHABLE_CODE = YES;
				CLANG_WARN__DUPLICATE_METHOD_MATCH = YES;
				COPY_PHASE_STRIP = NO;
				DEBUG_INFORMATION_FORMAT = dwarf;
				ENABLE_STRICT_OBJC_MSGSEND = YES;
				ENABLE_TESTABILITY = YES;
				GCC_C_LANGUAGE_STANDARD = gnu11;
				GCC_DYNAMIC_NO_PIC = NO;
				GCC_NO_COMMON_BLOCKS = YES;
				GCC_OPTIMIZATION_LEVEL = 0;
				GCC_PREPROCESSOR_DEFINITIONS = (
					"DEBUG=1",
					"$(inherited)",
				);
				GCC_WARN_64_TO_32_BIT_CONVERSION = YES;
				GCC_WARN_ABOUT_RETURN_TYPE = YES_ERROR;
				GCC_WARN_UNDECLARED_SELECTOR = YES;
				GCC_WARN_UNINITIALIZED_AUTOS = YES_AGGRESSIVE;
				GCC_WARN_UNUSED_FUNCTION = YES;
				GCC_WARN_UNUSED_VARIABLE = YES;
				IPHONEOS_DEPLOYMENT_TARGET = 14.4;
				MTL_ENABLE_DEBUG_INFO = INCLUDE_SOURCE;
				MTL_FAST_MATH = YES;
				ONLY_ACTIVE_ARCH = YES;
				SDKROOT = iphoneos;
				SWIFT_ACTIVE_COMPILATION_CONDITIONS = DEBUG;
				SWIFT_OPTIMIZATION_LEVEL = "-Onone";
			};
			name = Debug;
		};
		A41298EC267879BD00E65982 /* Release */ = {
			isa = XCBuildConfiguration;
			buildSettings = {
				ALWAYS_SEARCH_USER_PATHS = NO;
				CLANG_ANALYZER_NONNULL = YES;
				CLANG_ANALYZER_NUMBER_OBJECT_CONVERSION = YES_AGGRESSIVE;
				CLANG_CXX_LANGUAGE_STANDARD = "gnu++14";
				CLANG_CXX_LIBRARY = "libc++";
				CLANG_ENABLE_MODULES = YES;
				CLANG_ENABLE_OBJC_ARC = YES;
				CLANG_ENABLE_OBJC_WEAK = YES;
				CLANG_WARN_BLOCK_CAPTURE_AUTORELEASING = YES;
				CLANG_WARN_BOOL_CONVERSION = YES;
				CLANG_WARN_COMMA = YES;
				CLANG_WARN_CONSTANT_CONVERSION = YES;
				CLANG_WARN_DEPRECATED_OBJC_IMPLEMENTATIONS = YES;
				CLANG_WARN_DIRECT_OBJC_ISA_USAGE = YES_ERROR;
				CLANG_WARN_DOCUMENTATION_COMMENTS = YES;
				CLANG_WARN_EMPTY_BODY = YES;
				CLANG_WARN_ENUM_CONVERSION = YES;
				CLANG_WARN_INFINITE_RECURSION = YES;
				CLANG_WARN_INT_CONVERSION = YES;
				CLANG_WARN_NON_LITERAL_NULL_CONVERSION = YES;
				CLANG_WARN_OBJC_IMPLICIT_RETAIN_SELF = YES;
				CLANG_WARN_OBJC_LITERAL_CONVERSION = YES;
				CLANG_WARN_OBJC_ROOT_CLASS = YES_ERROR;
				CLANG_WARN_QUOTED_INCLUDE_IN_FRAMEWORK_HEADER = YES;
				CLANG_WARN_RANGE_LOOP_ANALYSIS = YES;
				CLANG_WARN_STRICT_PROTOTYPES = YES;
				CLANG_WARN_SUSPICIOUS_MOVE = YES;
				CLANG_WARN_UNGUARDED_AVAILABILITY = YES_AGGRESSIVE;
				CLANG_WARN_UNREACHABLE_CODE = YES;
				CLANG_WARN__DUPLICATE_METHOD_MATCH = YES;
				COPY_PHASE_STRIP = NO;
				DEBUG_INFORMATION_FORMAT = "dwarf-with-dsym";
				ENABLE_NS_ASSERTIONS = NO;
				ENABLE_STRICT_OBJC_MSGSEND = YES;
				GCC_C_LANGUAGE_STANDARD = gnu11;
				GCC_NO_COMMON_BLOCKS = YES;
				GCC_WARN_64_TO_32_BIT_CONVERSION = YES;
				GCC_WARN_ABOUT_RETURN_TYPE = YES_ERROR;
				GCC_WARN_UNDECLARED_SELECTOR = YES;
				GCC_WARN_UNINITIALIZED_AUTOS = YES_AGGRESSIVE;
				GCC_WARN_UNUSED_FUNCTION = YES;
				GCC_WARN_UNUSED_VARIABLE = YES;
				IPHONEOS_DEPLOYMENT_TARGET = 14.4;
				MTL_ENABLE_DEBUG_INFO = NO;
				MTL_FAST_MATH = YES;
				SDKROOT = iphoneos;
				SWIFT_COMPILATION_MODE = wholemodule;
				SWIFT_OPTIMIZATION_LEVEL = "-O";
				VALIDATE_PRODUCT = YES;
			};
			name = Release;
		};
		A41298EE267879BD00E65982 /* Debug */ = {
			isa = XCBuildConfiguration;
			buildSettings = {
				ASSETCATALOG_COMPILER_APPICON_NAME = AppIcon;
				ASSETCATALOG_COMPILER_GLOBAL_ACCENT_COLOR_NAME = AccentColor;
				CODE_SIGN_STYLE = Automatic;
				DEVELOPMENT_TEAM = 8HSC6WJMH6;
				INFOPLIST_FILE = Textview/Info.plist;
				LD_RUNPATH_SEARCH_PATHS = (
					"$(inherited)",
					"@executable_path/Frameworks",
				);
				PRODUCT_BUNDLE_IDENTIFIER = jp.techacademy.kazuma.miura2.Textview;
				PRODUCT_NAME = "$(TARGET_NAME)";
				SWIFT_VERSION = 5.0;
				TARGETED_DEVICE_FAMILY = "1,2";
			};
			name = Debug;
		};
		A41298EF267879BD00E65982 /* Release */ = {
			isa = XCBuildConfiguration;
			buildSettings = {
				ASSETCATALOG_COMPILER_APPICON_NAME = AppIcon;
				ASSETCATALOG_COMPILER_GLOBAL_ACCENT_COLOR_NAME = AccentColor;
				CODE_SIGN_STYLE = Automatic;
				DEVELOPMENT_TEAM = 8HSC6WJMH6;
				INFOPLIST_FILE = Textview/Info.plist;
				LD_RUNPATH_SEARCH_PATHS = (
					"$(inherited)",
					"@executable_path/Frameworks",
				);
				PRODUCT_BUNDLE_IDENTIFIER = jp.techacademy.kazuma.miura2.Textview;
				PRODUCT_NAME = "$(TARGET_NAME)";
				SWIFT_VERSION = 5.0;
				TARGETED_DEVICE_FAMILY = "1,2";
			};
			name = Release;
		};
		A41298F1267879BD00E65982 /* Debug */ = {
			isa = XCBuildConfiguration;
			buildSettings = {
				ALWAYS_EMBED_SWIFT_STANDARD_LIBRARIES = YES;
				BUNDLE_LOADER = "$(TEST_HOST)";
				CODE_SIGN_STYLE = Automatic;
				DEVELOPMENT_TEAM = 8HSC6WJMH6;
				INFOPLIST_FILE = TextviewTests/Info.plist;
				IPHONEOS_DEPLOYMENT_TARGET = 14.4;
				LD_RUNPATH_SEARCH_PATHS = (
					"$(inherited)",
					"@executable_path/Frameworks",
					"@loader_path/Frameworks",
				);
				PRODUCT_BUNDLE_IDENTIFIER = jp.techacademy.kazuma.miura2.TextviewTests;
				PRODUCT_NAME = "$(TARGET_NAME)";
				SWIFT_VERSION = 5.0;
				TARGETED_DEVICE_FAMILY = "1,2";
				TEST_HOST = "$(BUILT_PRODUCTS_DIR)/Textview.app/Textview";
			};
			name = Debug;
		};
		A41298F2267879BD00E65982 /* Release */ = {
			isa = XCBuildConfiguration;
			buildSettings = {
				ALWAYS_EMBED_SWIFT_STANDARD_LIBRARIES = YES;
				BUNDLE_LOADER = "$(TEST_HOST)";
				CODE_SIGN_STYLE = Automatic;
				DEVELOPMENT_TEAM = 8HSC6WJMH6;
				INFOPLIST_FILE = TextviewTests/Info.plist;
				IPHONEOS_DEPLOYMENT_TARGET = 14.4;
				LD_RUNPATH_SEARCH_PATHS = (
					"$(inherited)",
					"@executable_path/Frameworks",
					"@loader_path/Frameworks",
				);
				PRODUCT_BUNDLE_IDENTIFIER = jp.techacademy.kazuma.miura2.TextviewTests;
				PRODUCT_NAME = "$(TARGET_NAME)";
				SWIFT_VERSION = 5.0;
				TARGETED_DEVICE_FAMILY = "1,2";
				TEST_HOST = "$(BUILT_PRODUCTS_DIR)/Textview.app/Textview";
			};
			name = Release;
		};
		A41298F4267879BD00E65982 /* Debug */ = {
			isa = XCBuildConfiguration;
			buildSettings = {
				ALWAYS_EMBED_SWIFT_STANDARD_LIBRARIES = YES;
				CODE_SIGN_STYLE = Automatic;
				DEVELOPMENT_TEAM = 8HSC6WJMH6;
				INFOPLIST_FILE = TextviewUITests/Info.plist;
				LD_RUNPATH_SEARCH_PATHS = (
					"$(inherited)",
					"@executable_path/Frameworks",
					"@loader_path/Frameworks",
				);
				PRODUCT_BUNDLE_IDENTIFIER = jp.techacademy.kazuma.miura2.TextviewUITests;
				PRODUCT_NAME = "$(TARGET_NAME)";
				SWIFT_VERSION = 5.0;
				TARGETED_DEVICE_FAMILY = "1,2";
				TEST_TARGET_NAME = Textview;
			};
			name = Debug;
		};
		A41298F5267879BD00E65982 /* Release */ = {
			isa = XCBuildConfiguration;
			buildSettings = {
				ALWAYS_EMBED_SWIFT_STANDARD_LIBRARIES = YES;
				CODE_SIGN_STYLE = Automatic;
				DEVELOPMENT_TEAM = 8HSC6WJMH6;
				INFOPLIST_FILE = TextviewUITests/Info.plist;
				LD_RUNPATH_SEARCH_PATHS = (
					"$(inherited)",
					"@executable_path/Frameworks",
					"@loader_path/Frameworks",
				);
				PRODUCT_BUNDLE_IDENTIFIER = jp.techacademy.kazuma.miura2.TextviewUITests;
				PRODUCT_NAME = "$(TARGET_NAME)";
				SWIFT_VERSION = 5.0;
				TARGETED_DEVICE_FAMILY = "1,2";
				TEST_TARGET_NAME = Textview;
			};
			name = Release;
		};
/* End XCBuildConfiguration section */

/* Begin XCConfigurationList section */
		A41298BE267879BA00E65982 /* Build configuration list for PBXProject "Textview" */ = {
			isa = XCConfigurationList;
			buildConfigurations = (
				A41298EB267879BD00E65982 /* Debug */,
				A41298EC267879BD00E65982 /* Release */,
			);
			defaultConfigurationIsVisible = 0;
			defaultConfigurationName = Release;
		};
		A41298ED267879BD00E65982 /* Build configuration list for PBXNativeTarget "Textview" */ = {
			isa = XCConfigurationList;
			buildConfigurations = (
				A41298EE267879BD00E65982 /* Debug */,
				A41298EF267879BD00E65982 /* Release */,
			);
			defaultConfigurationIsVisible = 0;
			defaultConfigurationName = Release;
		};
		A41298F0267879BD00E65982 /* Build configuration list for PBXNativeTarget "TextviewTests" */ = {
			isa = XCConfigurationList;
			buildConfigurations = (
				A41298F1267879BD00E65982 /* Debug */,
				A41298F2267879BD00E65982 /* Release */,
			);
			defaultConfigurationIsVisible = 0;
			defaultConfigurationName = Release;
		};
		A41298F3267879BD00E65982 /* Build configuration list for PBXNativeTarget "TextviewUITests" */ = {
			isa = XCConfigurationList;
			buildConfigurations = (
				A41298F4267879BD00E65982 /* Debug */,
				A41298F5267879BD00E65982 /* Release */,
			);
			defaultConfigurationIsVisible = 0;
			defaultConfigurationName = Release;
		};
/* End XCConfigurationList section */
	};
	rootObject = A41298BB267879BA00E65982 /* Project object */;
}
